// !$*UTF8*$!
{
	archiveVersion = 1;
	classes = {
	};
	objectVersion = 77;
	objects = {

/* Begin PBXBuildFile section */
		724C8B782F47D0B600EEB319 /* ContentView.swift in Sources */ = {isa = PBXBuildFile; fileRef = 724C8B762F47D0B600EEB319 /* ContentView.swift */; };
		724C8B792F47D0B600EEB319 /* TheHoursHaveItWrongApp.swift in Sources */ = {isa = PBXBuildFile; fileRef = 724C8B772F47D0B600EEB319 /* TheHoursHaveItWrongApp.swift */; };
		72BE53DC2F4697EC00121A39 /* PoemScene.swift in Sources */ = {isa = PBXBuildFile; fileRef = 72BE53D72F4697EC00121A39 /* PoemScene.swift */; };
		72BE53DD2F4697EC00121A39 /* BackgroundNode.swift in Sources */ = {isa = PBXBuildFile; fileRef = 72BE53D62F4697EC00121A39 /* BackgroundNode.swift */; };
		72BE53DE2F4697EC00121A39 /* PoemLoader.swift in Sources */ = {isa = PBXBuildFile; fileRef = 72BE53CE2F4697EC00121A39 /* PoemLoader.swift */; };
		72BE53DF2F4697EC00121A39 /* WordNode.swift in Sources */ = {isa = PBXBuildFile; fileRef = 72BE53D82F4697EC00121A39 /* WordNode.swift */; };
		72BE53E02F4697EC00121A39 /* TimePhase.swift in Sources */ = {isa = PBXBuildFile; fileRef = 72BE53CF2F4697EC00121A39 /* TimePhase.swift */; };
		72BE53E12F4697EC00121A39 /* AttractorNode.swift in Sources */ = {isa = PBXBuildFile; fileRef = 72BE53D52F4697EC00121A39 /* AttractorNode.swift */; };
		72BE53E22F4697EC00121A39 /* PoemSceneView.swift in Sources */ = {isa = PBXBuildFile; fileRef = 72BE53DA2F4697EC00121A39 /* PoemSceneView.swift */; };
		72BE53E32F4697EC00121A39 /* TimePhaseManager.swift in Sources */ = {isa = PBXBuildFile; fileRef = 72BE53D02F4697EC00121A39 /* TimePhaseManager.swift */; };
		72BE53E42F4697EC00121A39 /* AppProperties.swift in Sources */ = {isa = PBXBuildFile; fileRef = 72BE53CD2F4697EC00121A39 /* AppProperties.swift */; };
		72BE53E52F4697EC00121A39 /* CircadianProperties.plist in Resources */ = {isa = PBXBuildFile; fileRef = 72BE53D22F4697EC00121A39 /* CircadianProperties.plist */; };
		72BE53E62F4697EC00121A39 /* poem.txt in Resources */ = {isa = PBXBuildFile; fileRef = 72BE53D32F4697EC00121A39 /* poem.txt */; };
		72BE53E92F4698BA00121A39 /* SpriteKit.framework in Frameworks */ = {isa = PBXBuildFile; fileRef = 72BE53E82F4698BA00121A39 /* SpriteKit.framework */; };
/* End PBXBuildFile section */

/* Begin PBXContainerItemProxy section */
		72BE53B12F46972E00121A39 /* PBXContainerItemProxy */ = {
			isa = PBXContainerItemProxy;
			containerPortal = 72BE539B2F46972E00121A39 /* Project object */;
			proxyType = 1;
			remoteGlobalIDString = 72BE53A22F46972E00121A39;
			remoteInfo = TheHoursHaveItWrong;
		};
		72BE53BB2F46972E00121A39 /* PBXContainerItemProxy */ = {
			isa = PBXContainerItemProxy;
			containerPortal = 72BE539B2F46972E00121A39 /* Project object */;
			proxyType = 1;
			remoteGlobalIDString = 72BE53A22F46972E00121A39;
			remoteInfo = TheHoursHaveItWrong;
		};
/* End PBXContainerItemProxy section */

/* Begin PBXFileReference section */
		724C8B762F47D0B600EEB319 /* ContentView.swift */ = {isa = PBXFileReference; lastKnownFileType = sourcecode.swift; path = ContentView.swift; sourceTree = "<group>"; };
		724C8B772F47D0B600EEB319 /* TheHoursHaveItWrongApp.swift */ = {isa = PBXFileReference; lastKnownFileType = sourcecode.swift; path = TheHoursHaveItWrongApp.swift; sourceTree = "<group>"; };
		72BE53A32F46972E00121A39 /* TheHoursHaveItWrong.app */ = {isa = PBXFileReference; explicitFileType = wrapper.application; includeInIndex = 0; path = TheHoursHaveItWrong.app; sourceTree = BUILT_PRODUCTS_DIR; };
		72BE53B02F46972E00121A39 /* TheHoursHaveItWrongTests.xctest */ = {isa = PBXFileReference; explicitFileType = wrapper.cfbundle; includeInIndex = 0; path = TheHoursHaveItWrongTests.xctest; sourceTree = BUILT_PRODUCTS_DIR; };
		72BE53BA2F46972E00121A39 /* TheHoursHaveItWrongUITests.xctest */ = {isa = PBXFileReference; explicitFileType = wrapper.cfbundle; includeInIndex = 0; path = TheHoursHaveItWrongUITests.xctest; sourceTree = BUILT_PRODUCTS_DIR; };
		72BE53CD2F4697EC00121A39 /* AppProperties.swift */ = {isa = PBXFileReference; lastKnownFileType = sourcecode.swift; path = AppProperties.swift; sourceTree = "<group>"; };
		72BE53CE2F4697EC00121A39 /* PoemLoader.swift */ = {isa = PBXFileReference; lastKnownFileType = sourcecode.swift; path = PoemLoader.swift; sourceTree = "<group>"; };
		72BE53CF2F4697EC00121A39 /* TimePhase.swift */ = {isa = PBXFileReference; lastKnownFileType = sourcecode.swift; path = TimePhase.swift; sourceTree = "<group>"; };
		72BE53D02F4697EC00121A39 /* TimePhaseManager.swift */ = {isa = PBXFileReference; lastKnownFileType = sourcecode.swift; path = TimePhaseManager.swift; sourceTree = "<group>"; };
		72BE53D22F4697EC00121A39 /* CircadianProperties.plist */ = {isa = PBXFileReference; lastKnownFileType = text.plist.xml; path = CircadianProperties.plist; sourceTree = "<group>"; };
		72BE53D32F4697EC00121A39 /* poem.txt */ = {isa = PBXFileReference; lastKnownFileType = text; path = poem.txt; sourceTree = "<group>"; };
		72BE53D52F4697EC00121A39 /* AttractorNode.swift */ = {isa = PBXFileReference; lastKnownFileType = sourcecode.swift; path = AttractorNode.swift; sourceTree = "<group>"; };
		72BE53D62F4697EC00121A39 /* BackgroundNode.swift */ = {isa = PBXFileReference; lastKnownFileType = sourcecode.swift; path = BackgroundNode.swift; sourceTree = "<group>"; };
		72BE53D72F4697EC00121A39 /* PoemScene.swift */ = {isa = PBXFileReference; lastKnownFileType = sourcecode.swift; path = PoemScene.swift; sourceTree = "<group>"; };
		72BE53D82F4697EC00121A39 /* WordNode.swift */ = {isa = PBXFileReference; lastKnownFileType = sourcecode.swift; path = WordNode.swift; sourceTree = "<group>"; };
		72BE53DA2F4697EC00121A39 /* PoemSceneView.swift */ = {isa = PBXFileReference; lastKnownFileType = sourcecode.swift; path = PoemSceneView.swift; sourceTree = "<group>"; };
		72BE53E82F4698BA00121A39 /* SpriteKit.framework */ = {isa = PBXFileReference; lastKnownFileType = wrapper.framework; name = SpriteKit.framework; path = System/Library/Frameworks/SpriteKit.framework; sourceTree = SDKROOT; };
/* End PBXFileReference section */

/* Begin PBXFileSystemSynchronizedRootGroup section */
		72BE53A52F46972E00121A39 /* TheHoursHaveItWrong */ = {
			isa = PBXFileSystemSynchronizedRootGroup;
			path = TheHoursHaveItWrong;
			sourceTree = "<group>";
		};
		72BE53B32F46972E00121A39 /* TheHoursHaveItWrongTests */ = {
			isa = PBXFileSystemSynchronizedRootGroup;
			path = TheHoursHaveItWrongTests;
			sourceTree = "<group>";
		};
		72BE53BD2F46972E00121A39 /* TheHoursHaveItWrongUITests */ = {
			isa = PBXFileSystemSynchronizedRootGroup;
			path = TheHoursHaveItWrongUITests;
			sourceTree = "<group>";
		};
/* End PBXFileSystemSynchronizedRootGroup section */

/* Begin PBXFrameworksBuildPhase section */
		72BE53A02F46972E00121A39 /* Frameworks */ = {
			isa = PBXFrameworksBuildPhase;
			buildActionMask = 2147483647;
			files = (
				72BE53E92F4698BA00121A39 /* SpriteKit.framework in Frameworks */,
			);
			runOnlyForDeploymentPostprocessing = 0;
		};
		72BE53AD2F46972E00121A39 /* Frameworks */ = {
			isa = PBXFrameworksBuildPhase;
			buildActionMask = 2147483647;
			files = (
			);
			runOnlyForDeploymentPostprocessing = 0;
		};
		72BE53B72F46972E00121A39 /* Frameworks */ = {
			isa = PBXFrameworksBuildPhase;
			buildActionMask = 2147483647;
			files = (
			);
			runOnlyForDeploymentPostprocessing = 0;
		};
/* End PBXFrameworksBuildPhase section */

/* Begin PBXGroup section */
		72BE539A2F46972E00121A39 = {
			isa = PBXGroup;
			children = (
				724C8B762F47D0B600EEB319 /* ContentView.swift */,
				724C8B772F47D0B600EEB319 /* TheHoursHaveItWrongApp.swift */,
				72BE53A52F46972E00121A39 /* TheHoursHaveItWrong */,
				72BE53B32F46972E00121A39 /* TheHoursHaveItWrongTests */,
				72BE53BD2F46972E00121A39 /* TheHoursHaveItWrongUITests */,
				72BE53D12F4697EC00121A39 /* Model */,
				72BE53D42F4697EC00121A39 /* Resources */,
				72BE53D92F4697EC00121A39 /* Scene */,
				72BE53DB2F4697EC00121A39 /* SwiftUI */,
				72BE53E72F4698BA00121A39 /* Frameworks */,
				72BE53A42F46972E00121A39 /* Products */,
			);
			sourceTree = "<group>";
		};
		72BE53A42F46972E00121A39 /* Products */ = {
			isa = PBXGroup;
			children = (
				72BE53A32F46972E00121A39 /* TheHoursHaveItWrong.app */,
				72BE53B02F46972E00121A39 /* TheHoursHaveItWrongTests.xctest */,
				72BE53BA2F46972E00121A39 /* TheHoursHaveItWrongUITests.xctest */,
			);
			name = Products;
			sourceTree = "<group>";
		};
		72BE53D12F4697EC00121A39 /* Model */ = {
			isa = PBXGroup;
			children = (
				72BE53CD2F4697EC00121A39 /* AppProperties.swift */,
				72BE53CE2F4697EC00121A39 /* PoemLoader.swift */,
				72BE53CF2F4697EC00121A39 /* TimePhase.swift */,
				72BE53D02F4697EC00121A39 /* TimePhaseManager.swift */,
			);
			path = Model;
			sourceTree = "<group>";
		};
		72BE53D42F4697EC00121A39 /* Resources */ = {
			isa = PBXGroup;
			children = (
				72BE53D22F4697EC00121A39 /* CircadianProperties.plist */,
				72BE53D32F4697EC00121A39 /* poem.txt */,
			);
			path = Resources;
			sourceTree = "<group>";
		};
		72BE53D92F4697EC00121A39 /* Scene */ = {
			isa = PBXGroup;
			children = (
				72BE53D52F4697EC00121A39 /* AttractorNode.swift */,
				72BE53D62F4697EC00121A39 /* BackgroundNode.swift */,
				72BE53D72F4697EC00121A39 /* PoemScene.swift */,
				72BE53D82F4697EC00121A39 /* WordNode.swift */,
			);
			path = Scene;
			sourceTree = "<group>";
		};
		72BE53DB2F4697EC00121A39 /* SwiftUI */ = {
			isa = PBXGroup;
			children = (
				72BE53DA2F4697EC00121A39 /* PoemSceneView.swift */,
			);
			path = SwiftUI;
			sourceTree = "<group>";
		};
		72BE53E72F4698BA00121A39 /* Frameworks */ = {
			isa = PBXGroup;
			children = (
				72BE53E82F4698BA00121A39 /* SpriteKit.framework */,
			);
			name = Frameworks;
			sourceTree = "<group>";
		};
/* End PBXGroup section */

/* Begin PBXNativeTarget section */
		72BE53A22F46972E00121A39 /* TheHoursHaveItWrong */ = {
			isa = PBXNativeTarget;
			buildConfigurationList = 72BE53C42F46972E00121A39 /* Build configuration list for PBXNativeTarget "TheHoursHaveItWrong" */;
			buildPhases = (
				72BE539F2F46972E00121A39 /* Sources */,
				72BE53A02F46972E00121A39 /* Frameworks */,
				72BE53A12F46972E00121A39 /* Resources */,
			);
			buildRules = (
			);
			dependencies = (
			);
			fileSystemSynchronizedGroups = (
				72BE53A52F46972E00121A39 /* TheHoursHaveItWrong */,
			);
			name = TheHoursHaveItWrong;
			packageProductDependencies = (
			);
			productName = TheHoursHaveItWrong;
			productReference = 72BE53A32F46972E00121A39 /* TheHoursHaveItWrong.app */;
			productType = "com.apple.product-type.application";
		};
		72BE53AF2F46972E00121A39 /* TheHoursHaveItWrongTests */ = {
			isa = PBXNativeTarget;
			buildConfigurationList = 72BE53C72F46972E00121A39 /* Build configuration list for PBXNativeTarget "TheHoursHaveItWrongTests" */;
			buildPhases = (
				72BE53AC2F46972E00121A39 /* Sources */,
				72BE53AD2F46972E00121A39 /* Frameworks */,
				72BE53AE2F46972E00121A39 /* Resources */,
			);
			buildRules = (
			);
			dependencies = (
				72BE53B22F46972E00121A39 /* PBXTargetDependency */,
			);
			fileSystemSynchronizedGroups = (
				72BE53B32F46972E00121A39 /* TheHoursHaveItWrongTests */,
			);
			name = TheHoursHaveItWrongTests;
			packageProductDependencies = (
			);
			productName = TheHoursHaveItWrongTests;
			productReference = 72BE53B02F46972E00121A39 /* TheHoursHaveItWrongTests.xctest */;
			productType = "com.apple.product-type.bundle.unit-test";
		};
		72BE53B92F46972E00121A39 /* TheHoursHaveItWrongUITests */ = {
			isa = PBXNativeTarget;
			buildConfigurationList = 72BE53CA2F46972E00121A39 /* Build configuration list for PBXNativeTarget "TheHoursHaveItWrongUITests" */;
			buildPhases = (
				72BE53B62F46972E00121A39 /* Sources */,
				72BE53B72F46972E00121A39 /* Frameworks */,
				72BE53B82F46972E00121A39 /* Resources */,
			);
			buildRules = (
			);
			dependencies = (
				72BE53BC2F46972E00121A39 /* PBXTargetDependency */,
			);
			fileSystemSynchronizedGroups = (
				72BE53BD2F46972E00121A39 /* TheHoursHaveItWrongUITests */,
			);
			name = TheHoursHaveItWrongUITests;
			packageProductDependencies = (
			);
			productName = TheHoursHaveItWrongUITests;
			productReference = 72BE53BA2F46972E00121A39 /* TheHoursHaveItWrongUITests.xctest */;
			productType = "com.apple.product-type.bundle.ui-testing";
		};
/* End PBXNativeTarget section */

/* Begin PBXProject section */
		72BE539B2F46972E00121A39 /* Project object */ = {
			isa = PBXProject;
			attributes = {
				BuildIndependentTargetsInParallel = 1;
				LastSwiftUpdateCheck = 1640;
				LastUpgradeCheck = 1640;
				TargetAttributes = {
					72BE53A22F46972E00121A39 = {
						CreatedOnToolsVersion = 16.4;
					};
					72BE53AF2F46972E00121A39 = {
						CreatedOnToolsVersion = 16.4;
						TestTargetID = 72BE53A22F46972E00121A39;
					};
					72BE53B92F46972E00121A39 = {
						CreatedOnToolsVersion = 16.4;
						TestTargetID = 72BE53A22F46972E00121A39;
					};
				};
			};
			buildConfigurationList = 72BE539E2F46972E00121A39 /* Build configuration list for PBXProject "TheHoursHaveItWrong" */;
			developmentRegion = en;
			hasScannedForEncodings = 0;
			knownRegions = (
				en,
				Base,
			);
			mainGroup = 72BE539A2F46972E00121A39;
			minimizedProjectReferenceProxies = 1;
			preferredProjectObjectVersion = 77;
			productRefGroup = 72BE53A42F46972E00121A39 /* Products */;
			projectDirPath = "";
			projectRoot = "";
			targets = (
				72BE53A22F46972E00121A39 /* TheHoursHaveItWrong */,
				72BE53AF2F46972E00121A39 /* TheHoursHaveItWrongTests */,
				72BE53B92F46972E00121A39 /* TheHoursHaveItWrongUITests */,
			);
		};
/* End PBXProject section */

/* Begin PBXResourcesBuildPhase section */
		72BE53A12F46972E00121A39 /* Resources */ = {
			isa = PBXResourcesBuildPhase;
			buildActionMask = 2147483647;
			files = (
				72BE53E52F4697EC00121A39 /* CircadianProperties.plist in Resources */,
				72BE53E62F4697EC00121A39 /* poem.txt in Resources */,
			);
			runOnlyForDeploymentPostprocessing = 0;
		};
		72BE53AE2F46972E00121A39 /* Resources */ = {
			isa = PBXResourcesBuildPhase;
			buildActionMask = 2147483647;
			files = (
			);
			runOnlyForDeploymentPostprocessing = 0;
		};
		72BE53B82F46972E00121A39 /* Resources */ = {
			isa = PBXResourcesBuildPhase;
			buildActionMask = 2147483647;
			files = (
			);
			runOnlyForDeploymentPostprocessing = 0;
		};
/* End PBXResourcesBuildPhase section */

/* Begin PBXSourcesBuildPhase section */
		72BE539F2F46972E00121A39 /* Sources */ = {
			isa = PBXSourcesBuildPhase;
			buildActionMask = 2147483647;
			files = (
				724C8B782F47D0B600EEB319 /* ContentView.swift in Sources */,
				724C8B792F47D0B600EEB319 /* TheHoursHaveItWrongApp.swift in Sources */,
				72BE53DC2F4697EC00121A39 /* PoemScene.swift in Sources */,
				72BE53DD2F4697EC00121A39 /* BackgroundNode.swift in Sources */,
				72BE53DE2F4697EC00121A39 /* PoemLoader.swift in Sources */,
				72BE53DF2F4697EC00121A39 /* WordNode.swift in Sources */,
				72BE53E02F4697EC00121A39 /* TimePhase.swift in Sources */,
				72BE53E12F4697EC00121A39 /* AttractorNode.swift in Sources */,
				72BE53E22F4697EC00121A39 /* PoemSceneView.swift in Sources */,
				72BE53E32F4697EC00121A39 /* TimePhaseManager.swift in Sources */,
				72BE53E42F4697EC00121A39 /* AppProperties.swift in Sources */,
			);
			runOnlyForDeploymentPostprocessing = 0;
		};
		72BE53AC2F46972E00121A39 /* Sources */ = {
			isa = PBXSourcesBuildPhase;
			buildActionMask = 2147483647;
			files = (
			);
			runOnlyForDeploymentPostprocessing = 0;
		};
		72BE53B62F46972E00121A39 /* Sources */ = {
			isa = PBXSourcesBuildPhase;
			buildActionMask = 2147483647;
			files = (
			);
			runOnlyForDeploymentPostprocessing = 0;
		};
/* End PBXSourcesBuildPhase section */

/* Begin PBXTargetDependency section */
		72BE53B22F46972E00121A39 /* PBXTargetDependency */ = {
			isa = PBXTargetDependency;
			target = 72BE53A22F46972E00121A39 /* TheHoursHaveItWrong */;
			targetProxy = 72BE53B12F46972E00121A39 /* PBXContainerItemProxy */;
		};
		72BE53BC2F46972E00121A39 /* PBXTargetDependency */ = {
			isa = PBXTargetDependency;
			target = 72BE53A22F46972E00121A39 /* TheHoursHaveItWrong */;
			targetProxy = 72BE53BB2F46972E00121A39 /* PBXContainerItemProxy */;
		};
/* End PBXTargetDependency section */

/* Begin XCBuildConfiguration section */
		72BE53C22F46972E00121A39 /* Debug */ = {
			isa = XCBuildConfiguration;
			buildSettings = {
				ALWAYS_SEARCH_USER_PATHS = NO;
				ASSETCATALOG_COMPILER_GENERATE_SWIFT_ASSET_SYMBOL_EXTENSIONS = YES;
				CLANG_ANALYZER_NONNULL = YES;
				CLANG_ANALYZER_NUMBER_OBJECT_CONVERSION = YES_AGGRESSIVE;
				CLANG_CXX_LANGUAGE_STANDARD = "gnu++20";
				CLANG_ENABLE_MODULES = YES;
				CLANG_ENABLE_OBJC_ARC = YES;
				CLANG_ENABLE_OBJC_WEAK = YES;
				CLANG_WARN_BLOCK_CAPTURE_AUTORELEASING = YES;
				CLANG_WARN_BOOL_CONVERSION = YES;
				CLANG_WARN_COMMA = YES;
				CLANG_WARN_CONSTANT_CONVERSION = YES;
				CLANG_WARN_DEPRECATED_OBJC_IMPLEMENTATIONS = YES;
				CLANG_WARN_DIRECT_OBJC_ISA_USAGE = YES_ERROR;
				CLANG_WARN_DOCUMENTATION_COMMENTS = YES;
				CLANG_WARN_EMPTY_BODY = YES;
				CLANG_WARN_ENUM_CONVERSION = YES;
				CLANG_WARN_INFINITE_RECURSION = YES;
				CLANG_WARN_INT_CONVERSION = YES;
				CLANG_WARN_NON_LITERAL_NULL_CONVERSION = YES;
				CLANG_WARN_OBJC_IMPLICIT_RETAIN_SELF = YES;
				CLANG_WARN_OBJC_LITERAL_CONVERSION = YES;
				CLANG_WARN_OBJC_ROOT_CLASS = YES_ERROR;
				CLANG_WARN_QUOTED_INCLUDE_IN_FRAMEWORK_HEADER = YES;
				CLANG_WARN_RANGE_LOOP_ANALYSIS = YES;
				CLANG_WARN_STRICT_PROTOTYPES = YES;
				CLANG_WARN_SUSPICIOUS_MOVE = YES;
				CLANG_WARN_UNGUARDED_AVAILABILITY = YES_AGGRESSIVE;
				CLANG_WARN_UNREACHABLE_CODE = YES;
				CLANG_WARN__DUPLICATE_METHOD_MATCH = YES;
				COPY_PHASE_STRIP = NO;
				DEBUG_INFORMATION_FORMAT = dwarf;
				ENABLE_STRICT_OBJC_MSGSEND = YES;
				ENABLE_TESTABILITY = YES;
				ENABLE_USER_SCRIPT_SANDBOXING = YES;
				GCC_C_LANGUAGE_STANDARD = gnu17;
				GCC_DYNAMIC_NO_PIC = NO;
				GCC_NO_COMMON_BLOCKS = YES;
				GCC_OPTIMIZATION_LEVEL = 0;
				GCC_PREPROCESSOR_DEFINITIONS = (
					"DEBUG=1",
					"$(inherited)",
				);
				GCC_WARN_64_TO_32_BIT_CONVERSION = YES;
				GCC_WARN_ABOUT_RETURN_TYPE = YES_ERROR;
				GCC_WARN_UNDECLARED_SELECTOR = YES;
				GCC_WARN_UNINITIALIZED_AUTOS = YES_AGGRESSIVE;
				GCC_WARN_UNUSED_FUNCTION = YES;
				GCC_WARN_UNUSED_VARIABLE = YES;
				IPHONEOS_DEPLOYMENT_TARGET = 18.5;
				LOCALIZATION_PREFERS_STRING_CATALOGS = YES;
				MTL_ENABLE_DEBUG_INFO = INCLUDE_SOURCE;
				MTL_FAST_MATH = YES;
				ONLY_ACTIVE_ARCH = YES;
				SDKROOT = iphoneos;
				SWIFT_ACTIVE_COMPILATION_CONDITIONS = "DEBUG $(inherited)";
				SWIFT_OPTIMIZATION_LEVEL = "-Onone";
			};
			name = Debug;
		};
		72BE53C32F46972E00121A39 /* Release */ = {
			isa = XCBuildConfiguration;
			buildSettings = {
				ALWAYS_SEARCH_USER_PATHS = NO;
				ASSETCATALOG_COMPILER_GENERATE_SWIFT_ASSET_SYMBOL_EXTENSIONS = YES;
				CLANG_ANALYZER_NONNULL = YES;
				CLANG_ANALYZER_NUMBER_OBJECT_CONVERSION = YES_AGGRESSIVE;
				CLANG_CXX_LANGUAGE_STANDARD = "gnu++20";
				CLANG_ENABLE_MODULES = YES;
				CLANG_ENABLE_OBJC_ARC = YES;
				CLANG_ENABLE_OBJC_WEAK = YES;
				CLANG_WARN_BLOCK_CAPTURE_AUTORELEASING = YES;
				CLANG_WARN_BOOL_CONVERSION = YES;
				CLANG_WARN_COMMA = YES;
				CLANG_WARN_CONSTANT_CONVERSION = YES;
				CLANG_WARN_DEPRECATED_OBJC_IMPLEMENTATIONS = YES;
				CLANG_WARN_DIRECT_OBJC_ISA_USAGE = YES_ERROR;
				CLANG_WARN_DOCUMENTATION_COMMENTS = YES;
				CLANG_WARN_EMPTY_BODY = YES;
				CLANG_WARN_ENUM_CONVERSION = YES;
				CLANG_WARN_INFINITE_RECURSION = YES;
				CLANG_WARN_INT_CONVERSION = YES;
				CLANG_WARN_NON_LITERAL_NULL_CONVERSION = YES;
				CLANG_WARN_OBJC_IMPLICIT_RETAIN_SELF = YES;
				CLANG_WARN_OBJC_LITERAL_CONVERSION = YES;
				CLANG_WARN_OBJC_ROOT_CLASS = YES_ERROR;
				CLANG_WARN_QUOTED_INCLUDE_IN_FRAMEWORK_HEADER = YES;
				CLANG_WARN_RANGE_LOOP_ANALYSIS = YES;
				CLANG_WARN_STRICT_PROTOTYPES = YES;
				CLANG_WARN_SUSPICIOUS_MOVE = YES;
				CLANG_WARN_UNGUARDED_AVAILABILITY = YES_AGGRESSIVE;
				CLANG_WARN_UNREACHABLE_CODE = YES;
				CLANG_WARN__DUPLICATE_METHOD_MATCH = YES;
				COPY_PHASE_STRIP = NO;
				DEBUG_INFORMATION_FORMAT = "dwarf-with-dsym";
				ENABLE_NS_ASSERTIONS = NO;
				ENABLE_STRICT_OBJC_MSGSEND = YES;
				ENABLE_USER_SCRIPT_SANDBOXING = YES;
				GCC_C_LANGUAGE_STANDARD = gnu17;
				GCC_NO_COMMON_BLOCKS = YES;
				GCC_WARN_64_TO_32_BIT_CONVERSION = YES;
				GCC_WARN_ABOUT_RETURN_TYPE = YES_ERROR;
				GCC_WARN_UNDECLARED_SELECTOR = YES;
				GCC_WARN_UNINITIALIZED_AUTOS = YES_AGGRESSIVE;
				GCC_WARN_UNUSED_FUNCTION = YES;
				GCC_WARN_UNUSED_VARIABLE = YES;
				IPHONEOS_DEPLOYMENT_TARGET = 18.5;
				LOCALIZATION_PREFERS_STRING_CATALOGS = YES;
				MTL_ENABLE_DEBUG_INFO = NO;
				MTL_FAST_MATH = YES;
				SDKROOT = iphoneos;
				SWIFT_COMPILATION_MODE = wholemodule;
				VALIDATE_PRODUCT = YES;
			};
			name = Release;
		};
		72BE53C52F46972E00121A39 /* Debug */ = {
			isa = XCBuildConfiguration;
			buildSettings = {
				ASSETCATALOG_COMPILER_APPICON_NAME = AppIcon;
				ASSETCATALOG_COMPILER_GLOBAL_ACCENT_COLOR_NAME = AccentColor;
				CODE_SIGN_STYLE = Automatic;
				CURRENT_PROJECT_VERSION = 1;
				ENABLE_PREVIEWS = YES;
				GENERATE_INFOPLIST_FILE = YES;
				INFOPLIST_KEY_LSApplicationCategoryType = "public.app-category.entertainment";
				INFOPLIST_KEY_UIApplicationSceneManifest_Generation = YES;
				INFOPLIST_KEY_UIApplicationSupportsIndirectInputEvents = YES;
				INFOPLIST_KEY_UILaunchScreen_Generation = YES;
				INFOPLIST_KEY_UISupportedInterfaceOrientations_iPad = "UIInterfaceOrientationPortrait UIInterfaceOrientationPortraitUpsideDown UIInterfaceOrientationLandscapeLeft UIInterfaceOrientationLandscapeRight";
				INFOPLIST_KEY_UISupportedInterfaceOrientations_iPhone = "UIInterfaceOrientationPortrait UIInterfaceOrientationLandscapeLeft UIInterfaceOrientationLandscapeRight";
				IPHONEOS_DEPLOYMENT_TARGET = 16.6;
				LD_RUNPATH_SEARCH_PATHS = (
					"$(inherited)",
					"@executable_path/Frameworks",
				);
				MARKETING_VERSION = 1.0;
				PRODUCT_BUNDLE_IDENTIFIER = net.poemm.TheHoursHaveItWrong;
				PRODUCT_NAME = "$(TARGET_NAME)";
				SWIFT_EMIT_LOC_STRINGS = YES;
				SWIFT_VERSION = 5.0;
				TARGETED_DEVICE_FAMILY = "1,2";
			};
			name = Debug;
		};
		72BE53C62F46972E00121A39 /* Release */ = {
			isa = XCBuildConfiguration;
			buildSettings = {
				ASSETCATALOG_COMPILER_APPICON_NAME = AppIcon;
				ASSETCATALOG_COMPILER_GLOBAL_ACCENT_COLOR_NAME = AccentColor;
				CODE_SIGN_STYLE = Automatic;
				CURRENT_PROJECT_VERSION = 1;
				ENABLE_PREVIEWS = YES;
				GENERATE_INFOPLIST_FILE = YES;
				INFOPLIST_KEY_LSApplicationCategoryType = "public.app-category.entertainment";
				INFOPLIST_KEY_UIApplicationSceneManifest_Generation = YES;
				INFOPLIST_KEY_UIApplicationSupportsIndirectInputEvents = YES;
				INFOPLIST_KEY_UILaunchScreen_Generation = YES;
				INFOPLIST_KEY_UISupportedInterfaceOrientations_iPad = "UIInterfaceOrientationPortrait UIInterfaceOrientationPortraitUpsideDown UIInterfaceOrientationLandscapeLeft UIInterfaceOrientationLandscapeRight";
				INFOPLIST_KEY_UISupportedInterfaceOrientations_iPhone = "UIInterfaceOrientationPortrait UIInterfaceOrientationLandscapeLeft UIInterfaceOrientationLandscapeRight";
				IPHONEOS_DEPLOYMENT_TARGET = 16.6;
				LD_RUNPATH_SEARCH_PATHS = (
					"$(inherited)",
					"@executable_path/Frameworks",
				);
				MARKETING_VERSION = 1.0;
				PRODUCT_BUNDLE_IDENTIFIER = net.poemm.TheHoursHaveItWrong;
				PRODUCT_NAME = "$(TARGET_NAME)";
				SWIFT_EMIT_LOC_STRINGS = YES;
				SWIFT_VERSION = 5.0;
				TARGETED_DEVICE_FAMILY = "1,2";
			};
			name = Release;
		};
		72BE53C82F46972E00121A39 /* Debug */ = {
			isa = XCBuildConfiguration;
			buildSettings = {
				BUNDLE_LOADER = "$(TEST_HOST)";
				CODE_SIGN_STYLE = Automatic;
				CURRENT_PROJECT_VERSION = 1;
				GENERATE_INFOPLIST_FILE = YES;
				IPHONEOS_DEPLOYMENT_TARGET = 18.5;
				MARKETING_VERSION = 1.0;
				PRODUCT_BUNDLE_IDENTIFIER = net.poemm.TheHoursHaveItWrongTests;
				PRODUCT_NAME = "$(TARGET_NAME)";
				SWIFT_EMIT_LOC_STRINGS = NO;
				SWIFT_VERSION = 5.0;
				TARGETED_DEVICE_FAMILY = "1,2";
				TEST_HOST = "$(BUILT_PRODUCTS_DIR)/TheHoursHaveItWrong.app/$(BUNDLE_EXECUTABLE_FOLDER_PATH)/TheHoursHaveItWrong";
			};
			name = Debug;
		};
		72BE53C92F46972E00121A39 /* Release */ = {
			isa = XCBuildConfiguration;
			buildSettings = {
				BUNDLE_LOADER = "$(TEST_HOST)";
				CODE_SIGN_STYLE = Automatic;
				CURRENT_PROJECT_VERSION = 1;
				GENERATE_INFOPLIST_FILE = YES;
				IPHONEOS_DEPLOYMENT_TARGET = 18.5;
				MARKETING_VERSION = 1.0;
				PRODUCT_BUNDLE_IDENTIFIER = net.poemm.TheHoursHaveItWrongTests;
				PRODUCT_NAME = "$(TARGET_NAME)";
				SWIFT_EMIT_LOC_STRINGS = NO;
				SWIFT_VERSION = 5.0;
				TARGETED_DEVICE_FAMILY = "1,2";
				TEST_HOST = "$(BUILT_PRODUCTS_DIR)/TheHoursHaveItWrong.app/$(BUNDLE_EXECUTABLE_FOLDER_PATH)/TheHoursHaveItWrong";
			};
			name = Release;
		};
		72BE53CB2F46972E00121A39 /* Debug */ = {
			isa = XCBuildConfiguration;
			buildSettings = {
				CODE_SIGN_STYLE = Automatic;
				CURRENT_PROJECT_VERSION = 1;
				GENERATE_INFOPLIST_FILE = YES;
				MARKETING_VERSION = 1.0;
				PRODUCT_BUNDLE_IDENTIFIER = net.poemm.TheHoursHaveItWrongUITests;
				PRODUCT_NAME = "$(TARGET_NAME)";
				SWIFT_EMIT_LOC_STRINGS = NO;
				SWIFT_VERSION = 5.0;
				TARGETED_DEVICE_FAMILY = "1,2";
				TEST_TARGET_NAME = TheHoursHaveItWrong;
			};
			name = Debug;
		};
		72BE53CC2F46972E00121A39 /* Release */ = {
			isa = XCBuildConfiguration;
			buildSettings = {
				CODE_SIGN_STYLE = Automatic;
				CURRENT_PROJECT_VERSION = 1;
				GENERATE_INFOPLIST_FILE = YES;
				MARKETING_VERSION = 1.0;
				PRODUCT_BUNDLE_IDENTIFIER = net.poemm.TheHoursHaveItWrongUITests;
				PRODUCT_NAME = "$(TARGET_NAME)";
				SWIFT_EMIT_LOC_STRINGS = NO;
				SWIFT_VERSION = 5.0;
				TARGETED_DEVICE_FAMILY = "1,2";
				TEST_TARGET_NAME = TheHoursHaveItWrong;
			};
			name = Release;
		};
/* End XCBuildConfiguration section */

/* Begin XCConfigurationList section */
		72BE539E2F46972E00121A39 /* Build configuration list for PBXProject "TheHoursHaveItWrong" */ = {
			isa = XCConfigurationList;
			buildConfigurations = (
				72BE53C22F46972E00121A39 /* Debug */,
				72BE53C32F46972E00121A39 /* Release */,
			);
			defaultConfigurationIsVisible = 0;
			defaultConfigurationName = Release;
		};
		72BE53C42F46972E00121A39 /* Build configuration list for PBXNativeTarget "TheHoursHaveItWrong" */ = {
			isa = XCConfigurationList;
			buildConfigurations = (
				72BE53C52F46972E00121A39 /* Debug */,
				72BE53C62F46972E00121A39 /* Release */,
			);
			defaultConfigurationIsVisible = 0;
			defaultConfigurationName = Release;
		};
		72BE53C72F46972E00121A39 /* Build configuration list for PBXNativeTarget "TheHoursHaveItWrongTests" */ = {
			isa = XCConfigurationList;
			buildConfigurations = (
				72BE53C82F46972E00121A39 /* Debug */,
				72BE53C92F46972E00121A39 /* Release */,
			);
			defaultConfigurationIsVisible = 0;
			defaultConfigurationName = Release;
		};
		72BE53CA2F46972E00121A39 /* Build configuration list for PBXNativeTarget "TheHoursHaveItWrongUITests" */ = {
			isa = XCConfigurationList;
			buildConfigurations = (
				72BE53CB2F46972E00121A39 /* Debug */,
				72BE53CC2F46972E00121A39 /* Release */,
			);
			defaultConfigurationIsVisible = 0;
			defaultConfigurationName = Release;
		};
/* End XCConfigurationList section */
	};
	rootObject = 72BE539B2F46972E00121A39 /* Project object */;
}
